
Microsoft Visual Studio Solution File, Format Version 12.00
# Visual Studio Version 17
VisualStudioVersion = 17.0.31912.275
MinimumVisualStudioVersion = 10.0.40219.1
Project("{FAE04EC0-301F-11D3-BF4B-00C04F79EFBC}") = "Game", "Game.csproj", "{1157EC01-18D2-44A5-B520-A870142BC14B}"
EndProject
Global
	GlobalSection(SolutionConfigurationPlatforms) = preSolution
		Debug|Any CPU = Debug|Any CPU
		Release|Any CPU = Release|Any CPU
	EndGlobalSection
	GlobalSection(ProjectConfigurationPlatforms) = postSolution
		{1157EC01-18D2-44A5-B520-A870142BC14B}.Debug|Any CPU.ActiveCfg = Debug|Any CPU
		{1157EC01-18D2-44A5-B520-A870142BC14B}.Debug|Any CPU.Build.0 = Debug|Any CPU
		{1157EC01-18D2-44A5-B520-A870142BC14B}.Release|Any CPU.ActiveCfg = Release|Any CPU
		{1157EC01-18D2-44A5-B520-A870142BC14B}.Release|Any CPU.Build.0 = Release|Any CPU
	EndGlobalSection
	GlobalSection(SolutionProperties) = preSolution
		HideSolutionNode = FALSE
	EndGlobalSection
	GlobalSection(ExtensibilityGlobals) = postSolution
		SolutionGuid = {09B78761-864A-4814-AB10-CB304778010C}
	EndGlobalSection
EndGlobal
